github.com/gokrazy/gokrazy v0.0.0-20230701125004-edba3d33ffa9 h1:OJ4b0Z8OPgTIn6i/Iq+Y0AcnsiFiT4vXMnLXclPwPVg=
github.com/gokrazy/gokrazy v0.0.0-20230701125004-edba3d33ffa9/go.mod h1:9q5Tg+q+YvRjC3VG0gfMFut46dhbhtAnvUEp4lPjc6c=
github.com/gokrazy/gokrazy v0.0.0-20230723153554-331c98011aad h1:bwnwA8Qb3etCdE4f5G3LMJwmzbMtX//wOCCm4SHap48=
github.com/gokrazy/gokrazy v0.0.0-20230723153554-331c98011aad/go.mod h1:9q5Tg+q+YvRjC3VG0gfMFut46dhbhtAnvUEp4lPjc6c=
github.com/gokrazy/gokrazy v0.0.0-20230812092215-346db1998f83 h1:Y4sADvUYd/c0eqnqebipHHl0GMpAxOQeTzPnwI4ievM=
github.com/gokrazy/gokrazy v0.0.0-20230812092215-346db1998f83/go.mod h1:9q5Tg+q+YvRjC3VG0gfMFut46dhbhtAnvUEp4lPjc6c=
github.com/gokrazy/gokrazy v0.0.0-20230917165827-e4c2e89c78cb h1:H7TXNm0IGcp6APwVN1wi83JwEpPFdNXAb8uJ+TC8kQw=
github.com/gokrazy/gokrazy v0.0.0-20230917165827-e4c2e89c78cb/go.mod h1:9q5Tg+q+YvRjC3VG0gfMFut46dhbhtAnvUEp4lPjc6c=
github.com/gokrazy/gokrazy v0.0.0-20240107105656-620adabf26df h1:0/lguTUs8Z3OYP0oAUVD0HzJYoLI0gr02GSs9FmXpjU=
github.com/gokrazy/gokrazy v0.0.0-20240107105656-620adabf26df/go.mod h1:FOTcHsN9okcM6wLX58MC33A8i5U3AI+sYD5wsuWee1U=
github.com/gokrazy/gokrazy v0.0.0-20240113151142-756b3b30b830 h1:olWHeYpWo/9Mb8o968yJshzZKCnPjb69iUJnryypXaU=
github.com/gokrazy/gokrazy v0.0.0-20240113151142-756b3b30b830/go.mod h1:FOTcHsN9okcM6wLX58MC33A8i5U3AI+sYD5wsuWee1U=
github.com/gokrazy/gokrazy v0.0.0-20240118072056-7acb85f429f8 h1:Y1wFJsJvRykf2yttMkMvk4lPAGWiRBVseyrAMO6uRRU=
github.com/gokrazy/gokrazy v0.0.0-20240118072056-7acb85f429f8/go.mod h1:FOTcHsN9okcM6wLX58MC33A8i5U3AI+sYD5wsuWee1U=
github.com/gokrazy/gokrazy v0.0.0-20240228074937-cbb1cdfc7d35 h1:/vto7EZFxjlb2gM6K+3/apYLaff7yvA3tEtf0GsvFw0=
github.com/gokrazy/gokrazy v0.0.0-20240228074937-cbb1cdfc7d35/go.mod h1:FOTcHsN9okcM6wLX58MC33A8i5U3AI+sYD5wsuWee1U=
github.com/gokrazy/gokrazy v0.0.0-20240721075352-1d9057cee92e h1:pGH+YVcfF0oIYAPYuTEmbunQ4J//MgSs062GohEjfTQ=
github.com/gokrazy/gokrazy v0.0.0-20240721075352-1d9057cee92e/go.mod h1:+/WWMckeuQt+DG6690A6H8IgC+HpBFq2fmwRKcSbxdk=
github.com/gokrazy/gokrazy v0.0.0-20241106183216-3fd48c2b9366 h1:RaqiSBCZcnebrloq3lqWj21UmvXV4v2a7JsSXeh+EY8=
github.com/gokrazy/gokrazy v0.0.0-20241106183216-3fd48c2b9366/go.mod h1:1yOdp952OIkgR9lBNUzV+mBSIcvPV0RCaCmBq9WKTJw=
github.com/gokrazy/internal v0.0.0-20220129150711-9ed298107648 h1:kBuLicM0xJw3xEe4607WlnzGL+qSwPqdyh5/LUiCdq0=
github.com/gokrazy/internal v0.0.0-20220129150711-9ed298107648/go.mod h1:Gc9sU6yJ/qxg3gJZ1pjfcTAULa0swdTa4TH51g1e00E=
github.com/gokrazy/internal v0.0.0-20240629150625-a0f1dee26ef5 h1:XDklMxV0pE5jWiNaoo5TzvWfqdoiRRScmr4ZtDzE4Uw=
github.com/gokrazy/internal v0.0.0-20240629150625-a0f1dee26ef5/go.mod h1:t3ZirVhcs9bH+fPAJuGh51rzT7sVCZ9yfXvszf0ZjF0=
github.com/google/renameio/v2 v2.0.0 h1:UifI23ZTGY8Tt29JbYFiuyIU3eX+RNFtUwefq9qAhxg=
github.com/google/renameio/v2 v2.0.0/go.mod h1:BtmJXm5YlszgC+TD4HOEEUFgkJP3nLxehU6hfe7jRt4=
github.com/kenshaw/evdev v0.1.0 h1:wmtceEOFfilChgdNT+c/djPJ2JineVsQ0N14kGzFRUo=
github.com/kenshaw/evdev v0.1.0/go.mod h1:B/fErKCihUyEobz0mjn2qQbHgyJKFQAxkXSvkeeA/Wo=
github.com/mdlayher/watchdog v0.0.0-20201005150459-8bdc4f41966b h1:7tUBfsEEBWfFeHOB7CUfoOamak+Gx/BlirfXyPk1WjI=
github.com/mdlayher/watchdog v0.0.0-20201005150459-8bdc4f41966b/go.mod h1:bmoJUS6qOA3uKFvF3KVuhf7mU1KQirzQMeHXtPyKEqg=
github.com/spf13/pflag v1.0.5 h1:iy+VFUOCP1a+8yFto/drg2CJ5u0yRoB7fZw3DKv/JXA=
github.com/spf13/pflag v1.0.5/go.mod h1:McXfInJRrz4CZXVZOBLb0bTZqETkiAhM9Iw0y3An2Bg=
golang.org/x/sys v0.0.0-20201005065044-765f4ea38db3/go.mod h1:h1NjWce9XRLGQEsW7wpKNCjG9DtNlClVuFLEZdDNbEs=
golang.org/x/sys v0.5.0 h1:MUK/U/4lj1t1oPg0HfuXDN/Z1wv31ZJ/YcPiGccS4DU=
golang.org/x/sys v0.5.0/go.mod h1:oPkhp1MJrh7nUepCBck5+mAzfO9JrbApNNgaTdGDITg=
golang.org/x/sys v0.13.0 h1:Af8nKPmuFypiUBjVoU9V20FiaFXOcuZI21p0ycVYYGE=
golang.org/x/sys v0.13.0/go.mod h1:oPkhp1MJrh7nUepCBck5+mAzfO9JrbApNNgaTdGDITg=
golang.org/x/sys v0.20.0 h1:Od9JTbYCk261bKm4M/mw7AklTlFYIa0bIp9BgSm1S8Y=
golang.org/x/sys v0.20.0/go.mod h1:/VUhepiaJMQUp4+oa/7Zr1D23ma6VTLIYjOOTFZPUcA=
