{
  "nodes": {
    "nixpkgs": {
      "locked": {
        "lastModified": 1788297115,
        "narHash": "sha256-Z+vUNbfd2FIKkWOTkcT7RYlh3oFCnig/d2eXD1SWf2E=",
        "owner": "NixOS",
        "repo": "nixpkgs",
        "rev": "a3116115851d68b8952a2a4221cc25a84e56b532",
        "type": "github"
      },
      "original": {
        "owner": "NixOS",
        "ref": "nixos-26.05",
        "repo": "nixpkgs",
        "type": "github"
      }
    },
    "nixpkgs-unstable": {
      "locked": {
        "lastModified": 1788329703,
        "narHash": "sha256-fHvRW4JUchuw6QNzQ50BfzeYe0TnjKml1V8PVRjntSI=",
        "owner": "NixOS",
        "repo": "nixpkgs",
        "rev": "090e478bd64824e2122328df47a7efb74fdaf0c1",
        "type": "github"
      },
      "original": {
        "owner": "NixOS",
        "ref": "nixos-unstable-small",
        "repo": "nixpkgs",
        "type": "github"
      }
    },
    "root": {
      "inputs": {
        "nixpkgs": "nixpkgs",
        "nixpkgs-unstable": "nixpkgs-unstable",
        "sops-nix": "sops-nix"
      }
    },
    "sops-nix": {
      "inputs": {
        "nixpkgs": [
          "nixpkgs"
        ]
      },
      "locked": {
        "lastModified": 1788337237,
        "narHash": "sha256-gkSH8VUtCo6hnysNmb9DbTuDepH2t5pv+QWjP75xKAk=",
        "owner": "Mic92",
        "repo": "sops-nix",
        "rev": "fbf759290e0cb0a98dfc813a4eb7d53ad1dacb57",
        "type": "github"
      },
      "original": {
        "owner": "Mic92",
        "repo": "sops-nix",
        "type": "github"
      }
    }
  },
  "root": "root",
  "version": 7
}
