github.com/gokrazy/kernel v0.0.0-20230712041245-e563d7441232 h1:jNLCf3VxoDyfY84LBgEnb+OHqACbC+lWCyjBsp0wRoQ=
github.com/gokrazy/kernel v0.0.0-20230712041245-e563d7441232/go.mod h1:9bunbYi8kxZow8AQJl4SiPmglzemYA/f3zrLgKrTmVI=
github.com/gokrazy/kernel v0.0.0-20230721065804-1fc6db972814 h1:tB3zlxqLAk4nVDs9ch/SbHfQNS2hOmLqr8uYuDfFBYw=
github.com/gokrazy/kernel v0.0.0-20230721065804-1fc6db972814/go.mod h1:9bunbYi8kxZow8AQJl4SiPmglzemYA/f3zrLgKrTmVI=
github.com/gokrazy/kernel v0.0.0-20230817035607-3fd001b743cb h1:/Fql5+it0end0fDZH2XbRojW47JQJKz+NN+yz62lYfs=
github.com/gokrazy/kernel v0.0.0-20230817035607-3fd001b743cb/go.mod h1:9bunbYi8kxZow8AQJl4SiPmglzemYA/f3zrLgKrTmVI=
github.com/gokrazy/kernel v0.0.0-20230907062000-165f6de9072a h1:jopo2pzlP0kiKi147CPHR8XWWjsEhNoCKx6G2qNfCT8=
github.com/gokrazy/kernel v0.0.0-20230907062000-165f6de9072a/go.mod h1:9bunbYi8kxZow8AQJl4SiPmglzemYA/f3zrLgKrTmVI=
github.com/gokrazy/kernel v0.0.0-20230920040557-40cc98addb83 h1:mpdL4ICf5l9xUejQcxl9VivaTCW0fWwQz5vcq102Ii8=
github.com/gokrazy/kernel v0.0.0-20230920040557-40cc98addb83/go.mod h1:9bunbYi8kxZow8AQJl4SiPmglzemYA/f3zrLgKrTmVI=
github.com/gokrazy/kernel v0.0.0-20240106034721-5e05d8f69034 h1:ym5ULAkt2eGrJHGicWb42HR0Gntu7TRVHdTwjkrNgaA=
github.com/gokrazy/kernel v0.0.0-20240106034721-5e05d8f69034/go.mod h1:9bunbYi8kxZow8AQJl4SiPmglzemYA/f3zrLgKrTmVI=
github.com/gokrazy/kernel v0.0.0-20240113100918-f46f91c6a4d5 h1:emT1HERyZmP3cI7zppD0jCZBUstVMLWc98J0GQawR8A=
github.com/gokrazy/kernel v0.0.0-20240113100918-f46f91c6a4d5/go.mod h1:eySh+AYuSQ2bLhvSI3HtM20v9qfT7pjUR5U4ZqaCgzo=
github.com/gokrazy/kernel v0.0.0-20240128094315-f53e00c991dd h1:Zg6es2zHZeAeKe81dubBUpzrItmPjftHi/9dR7T+MNw=
github.com/gokrazy/kernel v0.0.0-20240128094315-f53e00c991dd/go.mod h1:eySh+AYuSQ2bLhvSI3HtM20v9qfT7pjUR5U4ZqaCgzo=
github.com/gokrazy/kernel v0.0.0-20240217090636-37097fcdec4b h1:JaQzMA/BI5HX/FSWAkhQyzJklAqMuhGstE7+4uw3V7U=
github.com/gokrazy/kernel v0.0.0-20240217090636-37097fcdec4b/go.mod h1:eySh+AYuSQ2bLhvSI3HtM20v9qfT7pjUR5U4ZqaCgzo=
