github.com/dvyukov/go-fuzz v0.0.0-20201127111758-49e582c6c23d/go.mod h1:11Gm+ccJnvAhCNLlf5+cS9KjtbaD5I5zaZpFMsTHWTw=
github.com/google/go-cmp v0.4.0/go.mod h1:v8dTdLbMG2kIc/vJvl+f65V22dbkXbowE6jgT/gNBxE=
github.com/mdlayher/netx v0.0.0-20200512211805-669a06fde734 h1:DzkgdcT/W7794xU5P7GdZvok/lJECZ8g4xS+vMNLREI=
github.com/mdlayher/netx v0.0.0-20200512211805-669a06fde734/go.mod h1:iN5Y6R8oOaC0KMzLtw/dqCJ2ZOipmk+bncXKStCHr7Q=
go4.org/intern v0.0.0-20210101010959-7cab76ca296a h1:28p852HIWWaOS019DYK/A3yTmpm1HJaUce63pvll4C8=
go4.org/intern v0.0.0-20210101010959-7cab76ca296a/go.mod h1:vLqJ+12kCw61iCWsPto0EOHhBS+o4rO5VIucbc9g2Cc=
go4.org/intern v0.0.0-20210101040507-675a39332050 h1:lrtPWuSJjqK1K2jH2a8okUwDFod9JE/jL3e6qmWEWq0=
go4.org/intern v0.0.0-20210101040507-675a39332050/go.mod h1:vLqJ+12kCw61iCWsPto0EOHhBS+o4rO5VIucbc9g2Cc=
go4.org/unsafe/assume-no-moving-gc v0.0.0-20201222175341-b30ae309168e/go.mod h1:FftLjUGFEDu5k8lt0ddY+HcrH/qU/0qk+H8j9/nTl3E=
go4.org/unsafe/assume-no-moving-gc v0.0.0-20201222180813-1025295fd063 h1:1tk03FUNpulq2cuWpXZWj649rwJpk0d20rxWiopKRmc=
go4.org/unsafe/assume-no-moving-gc v0.0.0-20201222180813-1025295fd063/go.mod h1:FftLjUGFEDu5k8lt0ddY+HcrH/qU/0qk+H8j9/nTl3E=
golang.org/x/crypto v0.0.0-20190308221718-c2843e01d9a2/go.mod h1:djNgcEr1/C05ACkg1iLfiJU5Ep61QUkGW8qpdssI0+w=
golang.org/x/net v0.0.0-20200506145744-7e3656a0809f/go.mod h1:qpuaurCH72eLCgpAm/N6yyVIVM9cpaDIP3A8BGJEC5A=
golang.org/x/sync v0.0.0-20200317015054-43a5402ce75a/go.mod h1:RxMgew5VJxzue5/jJTE5uejpjVlOe/izrB70Jof72aM=
golang.org/x/sys v0.0.0-20190215142949-d0b11bdaac8a/go.mod h1:STP8DvDyc/dI5b8T5hshtkjS+E42TnysNCUPdjciGhY=
golang.org/x/sys v0.0.0-20200323222414-85ca7c5b95cd/go.mod h1:h1NjWce9XRLGQEsW7wpKNCjG9DtNlClVuFLEZdDNbEs=
golang.org/x/text v0.3.0/go.mod h1:NqM8EUOU14njkJ3fqMW+pc6Ldnwhi/IjpwHt7yyuwOQ=
golang.org/x/xerrors v0.0.0-20191204190536-9bdfabe68543/go.mod h1:I/5z698sn9Ka8TeJc9MKroUUfqBBauWjQqLJ2OPfmY0=
inet.af/netaddr v0.0.0-20210101043548-c5e71b4f334a h1:fjPw2PKOtFH/RclBkpF7Owv7fUO0+PKZvhAW7q4waJs=
inet.af/netaddr v0.0.0-20210101043548-c5e71b4f334a/go.mod h1:jPZo7Jy4nke2cCgISa4fKJKa5T7+EO8k5fWwWghzneg=
