github.com/beevik/ntp v0.3.0 h1:xzVrPrE4ziasFXgBVBZJDP0Wg/KpMwk2KHJ4Ba8GrDw=
github.com/beevik/ntp v0.3.0/go.mod h1:hIHWr+l3+/clUnF44zdK+CWW7fO8dR5cIylAQ76NRpg=
github.com/gokrazy/gokrazy v0.0.0-20230701125004-edba3d33ffa9 h1:OJ4b0Z8OPgTIn6i/Iq+Y0AcnsiFiT4vXMnLXclPwPVg=
github.com/gokrazy/gokrazy v0.0.0-20230701125004-edba3d33ffa9/go.mod h1:9q5Tg+q+YvRjC3VG0gfMFut46dhbhtAnvUEp4lPjc6c=
golang.org/x/net v0.7.0 h1:rJrUqqhjsgNp7KqAIc25s9pZnjU7TUcSY7HcVZjdn1g=
golang.org/x/net v0.7.0/go.mod h1:2Tu9+aMcznHK/AK1HMvgo6xiTLG5rD5rZLDS+rp2Bjs=
golang.org/x/sys v0.5.0 h1:MUK/U/4lj1t1oPg0HfuXDN/Z1wv31ZJ/YcPiGccS4DU=
golang.org/x/sys v0.5.0/go.mod h1:oPkhp1MJrh7nUepCBck5+mAzfO9JrbApNNgaTdGDITg=
